{
  "requires": true,
  "lockfileVersion": 1,
  "dependencies": {
    "htmlparser": {
      "version": "1.7.7",
      "resolved": "https://registry.npmjs.org/htmlparser/-/htmlparser-1.7.7.tgz",
      "integrity": "sha1-GeezmX/2+6yZrlp9J2ZInv5+LQ4="
    },
    "jssoup": {
      "version": "0.0.8",
      "resolved": "https://registry.npmjs.org/jssoup/-/jssoup-0.0.8.tgz",
      "integrity": "sha512-/4b5xLrpo3OeIsLvxS1svV5J84L09HIJFbTNSM+PDI9whDQIqqN8JknJnfGcE9C+aqig9SOixRIqvNQgEIXsqA==",
      "requires": {
        "htmlparser": "^1.7.7"
      }
    }
  }
}
